
Microsoft Visual Studio Solution File, Format Version 12.00
# Visual Studio 15
VisualStudioVersion = 15.0.28307.852
MinimumVisualStudioVersion = 10.0.40219.1
Project("{FAE04EC0-301F-11D3-BF4B-00C04F79EFBC}") = "OrderedJson", "OrderedJson\OrderedJson.csproj", "{81D924DA-F16F-451C-8E19-EC7F071A085A}"
EndProject
Project("{FAE04EC0-301F-11D3-BF4B-00C04F79EFBC}") = "OJTest", "OJTest\OJTest.csproj", "{8C633068-814D-4BFB-A199-FDEA8BA9E2F0}"
EndProject
Project("{FAE04EC0-301F-11D3-BF4B-00C04F79EFBC}") = "OJApp", "OJApp\OJApp.csproj", "{E7B50130-3F7B-44FD-91CB-4616E8D60E17}"
EndProject
Global
	GlobalSection(SolutionConfigurationPlatforms) = preSolution
		Debug|Any CPU = Debug|Any CPU
		Release|Any CPU = Release|Any CPU
	EndGlobalSection
	GlobalSection(ProjectConfigurationPlatforms) = postSolution
		{81D924DA-F16F-451C-8E19-EC7F071A085A}.Debug|Any CPU.ActiveCfg = Debug|Any CPU
		{81D924DA-F16F-451C-8E19-EC7F071A085A}.Debug|Any CPU.Build.0 = Debug|Any CPU
		{81D924DA-F16F-451C-8E19-EC7F071A085A}.Release|Any CPU.ActiveCfg = Release|Any CPU
		{81D924DA-F16F-451C-8E19-EC7F071A085A}.Release|Any CPU.Build.0 = Release|Any CPU
		{8C633068-814D-4BFB-A199-FDEA8BA9E2F0}.Debug|Any CPU.ActiveCfg = Debug|Any CPU
		{8C633068-814D-4BFB-A199-FDEA8BA9E2F0}.Debug|Any CPU.Build.0 = Debug|Any CPU
		{8C633068-814D-4BFB-A199-FDEA8BA9E2F0}.Release|Any CPU.ActiveCfg = Release|Any CPU
		{8C633068-814D-4BFB-A199-FDEA8BA9E2F0}.Release|Any CPU.Build.0 = Release|Any CPU
		{E7B50130-3F7B-44FD-91CB-4616E8D60E17}.Debug|Any CPU.ActiveCfg = Debug|Any CPU
		{E7B50130-3F7B-44FD-91CB-4616E8D60E17}.Debug|Any CPU.Build.0 = Debug|Any CPU
		{E7B50130-3F7B-44FD-91CB-4616E8D60E17}.Release|Any CPU.ActiveCfg = Release|Any CPU
		{E7B50130-3F7B-44FD-91CB-4616E8D60E17}.Release|Any CPU.Build.0 = Release|Any CPU
	EndGlobalSection
	GlobalSection(SolutionProperties) = preSolution
		HideSolutionNode = FALSE
	EndGlobalSection
	GlobalSection(ExtensibilityGlobals) = postSolution
		SolutionGuid = {C8C77750-FB51-4A09-A544-902A552DDABC}
	EndGlobalSection
EndGlobal
